{
  "object": {
    "pins": [
      {
        "package": "swift-argument-parser",
        "repositoryURL": "https://github.com/apple/swift-argument-parser",
        "state": {
          "branch": null,
          "revision": "986d191f94cec88f6350056da59c2e59e83d1229",
          "version": "0.4.3"
        }
      },
      {
        "package": "Termbox",
        "repositoryURL": "https://github.com/colinta/Termbox.git",
        "state": {
          "branch": "main",
          "revision": "441efc357f3328cc45043b5d17097afd58982094",
          "version": null
        }
      }
    ]
  },
  "version": 1
}
